<?xml version="1.0" encoding="UTF-8"?>
<Scheme
   LastUpgradeVersion = "1150"
   version = "1.3">
   <BuildAction
      parallelizeBuildables = "YES"
      buildImplicitDependencies = "YES">
      <BuildActionEntries>
         <BuildActionEntry
            buildForTesting = "YES"
            buildForRunning = "YES"
            buildForProfiling = "YES"
            buildForArchiving = "YES"
            buildForAnalyzing = "YES">
            <BuildableReference
               BuildableIdentifier = "primary"
               BlueprintIdentifier = "SkyrimFileFormat"
               BuildableName = "SkyrimFileFormat"
               BlueprintName = "SkyrimFileFormat"
               ReferencedContainer = "container:">
            </BuildableReference>
         </BuildActionEntry>
         <BuildActionEntry
            buildForTesting = "YES"
            buildForRunning = "YES"
            buildForProfiling = "NO"
            buildForArchiving = "NO"
            buildForAnalyzing = "YES">
            <BuildableReference
               BuildableIdentifier = "primary"
               BlueprintIdentifier = "SkyrimFileFormatTests"
               BuildableName = "SkyrimFileFormatTests"
               BlueprintName = "SkyrimFileFormatTests"
               ReferencedContainer = "container:">
            </BuildableReference>
         </BuildActionEntry>
         <BuildActionEntry
            buildForTesting = "YES"
            buildForRunning = "YES"
            buildForProfiling = "YES"
            buildForArchiving = "YES"
            buildForAnalyzing = "YES">
            <BuildableReference
               BuildableIdentifier = "primary"
               BlueprintIdentifier = "SkyrimFileFormat_SkyrimFileFormatTests"
               BuildableName = "SkyrimFileFormat_SkyrimFileFormatTests"
               BlueprintName = "SkyrimFileFormat_SkyrimFileFormatTests"
               ReferencedContainer = "container:">
            </BuildableReference>
         </BuildActionEntry>
      </BuildActionEntries>
   </BuildAction>
   <TestAction
      buildConfiguration = "Debug"
      selectedDebuggerIdentifier = "Xcode.DebuggerFoundation.Debugger.LLDB"
      selectedLauncherIdentifier = "Xcode.DebuggerFoundation.Launcher.LLDB"
      shouldUseLaunchSchemeArgsEnv = "NO">
      <EnvironmentVariables>
         <EnvironmentVariable
            key = "TestOutput"
            value = "~/Desktop/Test Results"
            isEnabled = "YES">
         </EnvironmentVariable>
      </EnvironmentVariables>
      <Testables>
         <TestableReference
            skipped = "NO">
            <BuildableReference
               BuildableIdentifier = "primary"
               BlueprintIdentifier = "SkyrimFileFormatTests"
               BuildableName = "SkyrimFileFormatTests"
               BlueprintName = "SkyrimFileFormatTests"
               ReferencedContainer = "container:">
            </BuildableReference>
            <SkippedTests>
               <Test
                  Identifier = "ESPLoadingTests">
               </Test>
               <Test
                  Identifier = "ESPLoadingTests/testArmour()">
               </Test>
               <Test
                  Identifier = "ESPLoadingTests/testCollegeEntry()">
               </Test>
               <Test
                  Identifier = "ESPLoadingTests/testEmpty()">
               </Test>
               <Test
                  Identifier = "ESPPackingTests">
               </Test>
               <Test
                  Identifier = "ESPPackingTests/testEncoding()">
               </Test>
               <Test
                  Identifier = "ESPRoundTripTests">
               </Test>
               <Test
                  Identifier = "ESPRoundTripTests/testRoundTripArmour()">
               </Test>
               <Test
                  Identifier = "ESPRoundTripTests/testRoundTripDialogue()">
               </Test>
               <Test
                  Identifier = "ESPRoundTripTests/testRoundTripEmpty()">
               </Test>
               <Test
                  Identifier = "ESPSavingTests">
               </Test>
               <Test
                  Identifier = "EnumDecodingTests">
               </Test>
               <Test
                  Identifier = "EnumDecodingTests/testCoding()">
               </Test>
               <Test
                  Identifier = "EnumDecodingTests/testDecoding()">
               </Test>
               <Test
                  Identifier = "FieldCodingTests">
               </Test>
               <Test
                  Identifier = "FieldCodingTests/testAlternateTexture()">
               </Test>
               <Test
                  Identifier = "FieldCodingTests/testAlternateTextures()">
               </Test>
               <Test
                  Identifier = "FieldCodingTests/testBOD2Field()">
               </Test>
               <Test
                  Identifier = "FieldCodingTests/testDecalData()">
               </Test>
               <Test
                  Identifier = "FieldCodingTests/testMODTField()">
               </Test>
               <Test
                  Identifier = "PartNodeTests">
               </Test>
               <Test
                  Identifier = "PartNodeTests/testRoundtrip()">
               </Test>
               <Test
                  Identifier = "ProcessorTestCase">
               </Test>
            </SkippedTests>
         </TestableReference>
      </Testables>
   </TestAction>
   <LaunchAction
      buildConfiguration = "Debug"
      selectedDebuggerIdentifier = "Xcode.DebuggerFoundation.Debugger.LLDB"
      selectedLauncherIdentifier = "Xcode.DebuggerFoundation.Launcher.LLDB"
      launchStyle = "0"
      useCustomWorkingDirectory = "NO"
      ignoresPersistentStateOnLaunch = "NO"
      debugDocumentVersioning = "YES"
      debugServiceExtension = "internal"
      allowLocationSimulation = "YES">
   </LaunchAction>
   <ProfileAction
      buildConfiguration = "Release"
      shouldUseLaunchSchemeArgsEnv = "YES"
      savedToolIdentifier = ""
      useCustomWorkingDirectory = "NO"
      debugDocumentVersioning = "YES">
      <MacroExpansion>
         <BuildableReference
            BuildableIdentifier = "primary"
            BlueprintIdentifier = "SkyrimFileFormat"
            BuildableName = "SkyrimFileFormat"
            BlueprintName = "SkyrimFileFormat"
            ReferencedContainer = "container:">
         </BuildableReference>
      </MacroExpansion>
   </ProfileAction>
   <AnalyzeAction
      buildConfiguration = "Debug">
   </AnalyzeAction>
   <ArchiveAction
      buildConfiguration = "Release"
      revealArchiveInOrganizer = "YES">
   </ArchiveAction>
</Scheme>
